
Microsoft Visual Studio Solution File, Format Version 12.00
# Visual Studio 15
VisualStudioVersion = 15.0.28307.106
MinimumVisualStudioVersion = 10.0.40219.1
Project("{FAE04EC0-301F-11D3-BF4B-00C04F79EFBC}") = "usbwatcher", "usbwatcher\usbwatcher.csproj", "{39409CD2-D520-42BB-9CA1-C08BE261F074}"
EndProject
Project("{54435603-DBB4-11D2-8724-00A0C9A8B90C}") = "UsbWatcherInstaller", "UsbWatcherInstaller\UsbWatcherInstaller.vdproj", "{9C3B9AF0-FA85-45E8-AA66-5EC1D2CC3978}"
EndProject
Project("{FAE04EC0-301F-11D3-BF4B-00C04F79EFBC}") = "UsbWatcherConsole", "UsbWatcherConsole\UsbWatcherConsole.csproj", "{27485C6A-0699-45AF-969D-C14C5038B937}"
EndProject
Global
	GlobalSection(SolutionConfigurationPlatforms) = preSolution
		Debug|Any CPU = Debug|Any CPU
		Release|Any CPU = Release|Any CPU
	EndGlobalSection
	GlobalSection(ProjectConfigurationPlatforms) = postSolution
		{39409CD2-D520-42BB-9CA1-C08BE261F074}.Debug|Any CPU.ActiveCfg = Debug|Any CPU
		{39409CD2-D520-42BB-9CA1-C08BE261F074}.Debug|Any CPU.Build.0 = Debug|Any CPU
		{39409CD2-D520-42BB-9CA1-C08BE261F074}.Release|Any CPU.ActiveCfg = Release|Any CPU
		{39409CD2-D520-42BB-9CA1-C08BE261F074}.Release|Any CPU.Build.0 = Release|Any CPU
		{9C3B9AF0-FA85-45E8-AA66-5EC1D2CC3978}.Debug|Any CPU.ActiveCfg = Debug
		{9C3B9AF0-FA85-45E8-AA66-5EC1D2CC3978}.Release|Any CPU.ActiveCfg = Release
		{27485C6A-0699-45AF-969D-C14C5038B937}.Debug|Any CPU.ActiveCfg = Debug|Any CPU
		{27485C6A-0699-45AF-969D-C14C5038B937}.Debug|Any CPU.Build.0 = Debug|Any CPU
		{27485C6A-0699-45AF-969D-C14C5038B937}.Release|Any CPU.ActiveCfg = Release|Any CPU
		{27485C6A-0699-45AF-969D-C14C5038B937}.Release|Any CPU.Build.0 = Release|Any CPU
	EndGlobalSection
	GlobalSection(SolutionProperties) = preSolution
		HideSolutionNode = FALSE
	EndGlobalSection
	GlobalSection(ExtensibilityGlobals) = postSolution
		SolutionGuid = {0BB8F093-F3DD-4AEF-BEDC-A6F324FDF6F7}
	EndGlobalSection
EndGlobal
